
Microsoft Visual Studio Solution File, Format Version 12.00
# Visual Studio Version 17
VisualStudioVersion = 17.0.31912.275
MinimumVisualStudioVersion = 10.0.40219.1
Project("{9A19103F-16F7-4668-BE54-9A1E7A4F7556}") = "ShiftWorx", "ShiftWorx.csproj", "{B86DB8B5-2AF7-4884-BA64-977305582DF2}"
EndProject
Global
	GlobalSection(SolutionConfigurationPlatforms) = preSolution
		Debug|Any CPU = Debug|Any CPU
		Release|Any CPU = Release|Any CPU
	EndGlobalSection
	GlobalSection(ProjectConfigurationPlatforms) = postSolution
		{B86DB8B5-2AF7-4884-BA64-977305582DF2}.Debug|Any CPU.ActiveCfg = Debug|Any CPU
		{B86DB8B5-2AF7-4884-BA64-977305582DF2}.Debug|Any CPU.Build.0 = Debug|Any CPU
		{B86DB8B5-2AF7-4884-BA64-977305582DF2}.Release|Any CPU.ActiveCfg = Release|Any CPU
		{B86DB8B5-2AF7-4884-BA64-977305582DF2}.Release|Any CPU.Build.0 = Release|Any CPU
	EndGlobalSection
	GlobalSection(SolutionProperties) = preSolution
		HideSolutionNode = FALSE
	EndGlobalSection
	GlobalSection(ExtensibilityGlobals) = postSolution
		SolutionGuid = {D1286656-9014-475F-9EDF-3F74787F19EB}
	EndGlobalSection
	GlobalSection(TeamFoundationVersionControl) = preSolution
		SccNumberOfProjects = 2
		SccEnterpriseProvider = {4CA58AB2-18FA-4F8D-95D4-32DDF27D184C}
		SccTeamFoundationServer = https://dev.azure.com/freepointtech
		SccLocalPath0 = .
		SccProjectUniqueName1 = ShiftWorx.csproj
		SccLocalPath1 = .
	EndGlobalSection
EndGlobal
